<?xml version="1.0" encoding="utf-8"?>
<Project ToolsVersion="4.0" xmlns="http://schemas.microsoft.com/developer/msbuild/2003">
  <ItemGroup>
    <Filter Include="Source Files">
      <UniqueIdentifier>{4FC737F1-C7A5-4376-A066-2A32D752A2FF}</UniqueIdentifier>
      <Extensions>cpp;c;cc;cxx;c++;cppm;ixx;def;odl;idl;hpj;bat;asm;asmx</Extensions>
    </Filter>
    <Filter Include="Header Files">
      <UniqueIdentifier>{93995380-89BD-4b04-88EB-625FBE52EBFB}</UniqueIdentifier>
      <Extensions>h;hh;hpp;hxx;h++;hm;inl;inc;ipp;xsd</Extensions>
    </Filter>
    <Filter Include="Resource Files">
      <UniqueIdentifier>{67DA6AB6-F800-4c08-8B7A-83BB121AAD01}</UniqueIdentifier>
      <Extensions>rc;ico;cur;bmp;dlg;rc2;rct;bin;rgs;gif;jpg;jpeg;jpe;resx;tiff;tif;png;wav;mfcribbon-ms</Extensions>
    </Filter>
    <Filter Include="Components">
      <UniqueIdentifier>{e560c778-d66c-45e6-a573-139060b3adfb}</UniqueIdentifier>
    </Filter>
    <Filter Include="Components\Source">
      <UniqueIdentifier>{db1ebf1a-1dd6-47da-964f-cad062ab60a1}</UniqueIdentifier>
    </Filter>
    <Filter Include="Components\Headers">
      <UniqueIdentifier>{85566639-6fff-4263-9a77-5f37a121bafa}</UniqueIdentifier>
    </Filter>
  </ItemGroup>
  <ItemGroup>
    <ClCompile Include="MovementComponent.cpp">
      <Filter>Components\Source</Filter>
    </ClCompile>
    <ClCompile Include="PlayerControllerComponent.cpp">
      <Filter>Components\Source</Filter>
    </ClCompile>
    <ClCompile Include="RotatingComponent.cpp">
      <Filter>Components\Source</Filter>
    </ClCompile>
    <ClCompile Include="Main.cpp">
      <Filter>Source Files</Filter>
    </ClCompile>
    <ClCompile Include="GameObservers.cpp">
      <Filter>Source Files</Filter>
    </ClCompile>
    <ClCompile Include="AnimationState.cpp">
      <Filter>Source Files</Filter>
    </ClCompile>
    <ClCompile Include="MapComponent.cpp">
      <Filter>Components\Source</Filter>
    </ClCompile>
    <ClCompile Include="AnimControllerComponent.cpp">
      <Filter>Components\Source</Filter>
    </ClCompile>
    <ClCompile Include="GravityComponent.cpp">
      <Filter>Components\Source</Filter>
    </ClCompile>
    <ClCompile Include="DiggingComponent.cpp">
      <Filter>Components\Source</Filter>
    </ClCompile>
    <ClCompile Include="DamageComponent.cpp">
      <Filter>Components\Source</Filter>
    </ClCompile>
    <ClCompile Include="PushComponent.cpp">
      <Filter>Components\Source</Filter>
    </ClCompile>
    <ClCompile Include="AIGridComponent.cpp">
      <Filter>Components\Source</Filter>
    </ClCompile>
    <ClCompile Include="AIMovementComponent.cpp">
      <Filter>Components\Source</Filter>
    </ClCompile>
    <ClCompile Include="SpawnerComponent.cpp">
      <Filter>Components\Source</Filter>
    </ClCompile>
    <ClCompile Include="CombatInformationComponent.cpp">
      <Filter>Components\Source</Filter>
    </ClCompile>
    <ClCompile Include="MenuComponent.cpp">
      <Filter>Components\Source</Filter>
    </ClCompile>
    <ClCompile Include="NameEntryComponent.cpp">
      <Filter>Source Files</Filter>
    </ClCompile>
    <ClCompile Include="ProjectileComponent.cpp">
      <Filter>Components\Source</Filter>
    </ClCompile>
  </ItemGroup>
  <ItemGroup>
    <ClInclude Include="HealthComponent.h">
      <Filter>Components\Headers</Filter>
    </ClInclude>
    <ClInclude Include="MovementComponent.h">
      <Filter>Components\Headers</Filter>
    </ClInclude>
    <ClInclude Include="PlayerControllerComponent.h">
      <Filter>Components\Headers</Filter>
    </ClInclude>
    <ClInclude Include="RotatingComponent.h">
      <Filter>Components\Headers</Filter>
    </ClInclude>
    <ClInclude Include="ScoreComponent.h">
      <Filter>Components\Headers</Filter>
    </ClInclude>
    <ClInclude Include="AnimationState.h">
      <Filter>Header Files</Filter>
    </ClInclude>
    <ClInclude Include="MapComponent.h">
      <Filter>Components\Headers</Filter>
    </ClInclude>
    <ClInclude Include="AnimControllerComponent.h">
      <Filter>Components\Headers</Filter>
    </ClInclude>
    <ClInclude Include="DiggingComponent.h">
      <Filter>Components\Headers</Filter>
    </ClInclude>
    <ClInclude Include="GravityComponent.h">
      <Filter>Components\Headers</Filter>
    </ClInclude>
    <ClInclude Include="GameObservers.h">
      <Filter>Header Files</Filter>
    </ClInclude>
    <ClInclude Include="GameCommands.h">
      <Filter>Header Files</Filter>
    </ClInclude>
    <ClInclude Include="DamageComponent.h">
      <Filter>Components\Headers</Filter>
    </ClInclude>
    <ClInclude Include="PushComponent.h">
      <Filter>Components\Headers</Filter>
    </ClInclude>
    <ClInclude Include="AIGridComponent.h">
      <Filter>Components\Headers</Filter>
    </ClInclude>
    <ClInclude Include="AIMovementComponent.h">
      <Filter>Components\Headers</Filter>
    </ClInclude>
    <ClInclude Include="SpawnerComponent.h">
      <Filter>Components\Headers</Filter>
    </ClInclude>
    <ClInclude Include="CombatInformationComponent.h">
      <Filter>Components\Headers</Filter>
    </ClInclude>
    <ClInclude Include="MenuComponent.h">
      <Filter>Components\Headers</Filter>
    </ClInclude>
    <ClInclude Include="NameEntryComponent.h">
      <Filter>Header Files</Filter>
    </ClInclude>
    <ClInclude Include="ProjectileComponent.h">
      <Filter>Components\Headers</Filter>
    </ClInclude>
  </ItemGroup>
</Project>